// !$*UTF8*$!
{
	archiveVersion = 1;
	classes = {
	};
	objectVersion = 46;
	objects = {

/* Begin PBXBuildFile section */
		BA9765351CB811AB0030C893 /* YCCardLib.h in Headers */ = {isa = PBXBuildFile; fileRef = BA9765341CB811AB0030C893 /* YCCardLib.h */; settings = {ATTRIBUTES = (Public, ); }; };
		BA97653E1CB811CF0030C893 /* AbstractCardViewController.swift in Sources */ = {isa = PBXBuildFile; fileRef = BA97653D1CB811CF0030C893 /* AbstractCardViewController.swift */; };
		BA97654E1CB811E00030C893 /* CardZeroCardView.swift in Sources */ = {isa = PBXBuildFile; fileRef = BA9765401CB811E00030C893 /* CardZeroCardView.swift */; };
		BA97654F1CB811E00030C893 /* CardZeroCardView.xib in Resources */ = {isa = PBXBuildFile; fileRef = BA9765411CB811E00030C893 /* CardZeroCardView.xib */; };
		BA9765501CB811E00030C893 /* CustomCardView.swift in Sources */ = {isa = PBXBuildFile; fileRef = BA9765421CB811E00030C893 /* CustomCardView.swift */; };
		BA9765511CB811E00030C893 /* CustomViewDelegate.swift in Sources */ = {isa = PBXBuildFile; fileRef = BA9765431CB811E00030C893 /* CustomViewDelegate.swift */; };
		BA9765521CB811E00030C893 /* DraggableCardStackDataSource.swift in Sources */ = {isa = PBXBuildFile; fileRef = BA9765441CB811E00030C893 /* DraggableCardStackDataSource.swift */; };
		BA9765531CB811E00030C893 /* DraggableCardStackDelegate.swift in Sources */ = {isa = PBXBuildFile; fileRef = BA9765451CB811E00030C893 /* DraggableCardStackDelegate.swift */; };
		BA9765541CB811E00030C893 /* DraggableCardStackView.swift in Sources */ = {isa = PBXBuildFile; fileRef = BA9765461CB811E00030C893 /* DraggableCardStackView.swift */; };
		BA9765551CB811E00030C893 /* DraggableView.swift in Sources */ = {isa = PBXBuildFile; fileRef = BA9765471CB811E00030C893 /* DraggableView.swift */; };
		BA9765561CB811E00030C893 /* ExampleCardView.swift in Sources */ = {isa = PBXBuildFile; fileRef = BA9765481CB811E00030C893 /* ExampleCardView.swift */; };
		BA9765571CB811E00030C893 /* ExampleCardView.xib in Resources */ = {isa = PBXBuildFile; fileRef = BA9765491CB811E00030C893 /* ExampleCardView.xib */; };
		BA9765581CB811E00030C893 /* ImageCardView.swift in Sources */ = {isa = PBXBuildFile; fileRef = BA97654A1CB811E00030C893 /* ImageCardView.swift */; };
		BA9765591CB811E00030C893 /* ImageCardView.xib in Resources */ = {isa = PBXBuildFile; fileRef = BA97654B1CB811E00030C893 /* ImageCardView.xib */; };
		BA97655A1CB811E00030C893 /* NotImplementedCardView.xib in Resources */ = {isa = PBXBuildFile; fileRef = BA97654C1CB811E00030C893 /* NotImplementedCardView.xib */; };
		BA97655B1CB811E00030C893 /* OverlayView.swift in Sources */ = {isa = PBXBuildFile; fileRef = BA97654D1CB811E00030C893 /* OverlayView.swift */; };
		BA97655F1CB811EE0030C893 /* CardDataModel.swift in Sources */ = {isa = PBXBuildFile; fileRef = BA97655D1CB811EE0030C893 /* CardDataModel.swift */; };
		BA9765601CB811EE0030C893 /* CardProtocol.swift in Sources */ = {isa = PBXBuildFile; fileRef = BA97655E1CB811EE0030C893 /* CardProtocol.swift */; };
/* End PBXBuildFile section */

/* Begin PBXFileReference section */
		BA9765311CB811AB0030C893 /* YCCardLib.framework */ = {isa = PBXFileReference; explicitFileType = wrapper.framework; includeInIndex = 0; path = YCCardLib.framework; sourceTree = BUILT_PRODUCTS_DIR; };
		BA9765341CB811AB0030C893 /* YCCardLib.h */ = {isa = PBXFileReference; lastKnownFileType = sourcecode.c.h; path = YCCardLib.h; sourceTree = "<group>"; };
		BA9765361CB811AB0030C893 /* Info.plist */ = {isa = PBXFileReference; lastKnownFileType = text.plist.xml; path = Info.plist; sourceTree = "<group>"; };
		BA97653D1CB811CF0030C893 /* AbstractCardViewController.swift */ = {isa = PBXFileReference; fileEncoding = 4; lastKnownFileType = sourcecode.swift; path = AbstractCardViewController.swift; sourceTree = "<group>"; };
		BA9765401CB811E00030C893 /* CardZeroCardView.swift */ = {isa = PBXFileReference; fileEncoding = 4; lastKnownFileType = sourcecode.swift; path = CardZeroCardView.swift; sourceTree = "<group>"; };
		BA9765411CB811E00030C893 /* CardZeroCardView.xib */ = {isa = PBXFileReference; fileEncoding = 4; lastKnownFileType = file.xib; path = CardZeroCardView.xib; sourceTree = "<group>"; };
		BA9765421CB811E00030C893 /* CustomCardView.swift */ = {isa = PBXFileReference; fileEncoding = 4; lastKnownFileType = sourcecode.swift; path = CustomCardView.swift; sourceTree = "<group>"; };
		BA9765431CB811E00030C893 /* CustomViewDelegate.swift */ = {isa = PBXFileReference; fileEncoding = 4; lastKnownFileType = sourcecode.swift; path = CustomViewDelegate.swift; sourceTree = "<group>"; };
		BA9765441CB811E00030C893 /* DraggableCardStackDataSource.swift */ = {isa = PBXFileReference; fileEncoding = 4; lastKnownFileType = sourcecode.swift; path = DraggableCardStackDataSource.swift; sourceTree = "<group>"; };
		BA9765451CB811E00030C893 /* DraggableCardStackDelegate.swift */ = {isa = PBXFileReference; fileEncoding = 4; lastKnownFileType = sourcecode.swift; path = DraggableCardStackDelegate.swift; sourceTree = "<group>"; };
		BA9765461CB811E00030C893 /* DraggableCardStackView.swift */ = {isa = PBXFileReference; fileEncoding = 4; lastKnownFileType = sourcecode.swift; path = DraggableCardStackView.swift; sourceTree = "<group>"; };
		BA9765471CB811E00030C893 /* DraggableView.swift */ = {isa = PBXFileReference; fileEncoding = 4; lastKnownFileType = sourcecode.swift; path = DraggableView.swift; sourceTree = "<group>"; };
		BA9765481CB811E00030C893 /* ExampleCardView.swift */ = {isa = PBXFileReference; fileEncoding = 4; lastKnownFileType = sourcecode.swift; path = ExampleCardView.swift; sourceTree = "<group>"; };
		BA9765491CB811E00030C893 /* ExampleCardView.xib */ = {isa = PBXFileReference; fileEncoding = 4; lastKnownFileType = file.xib; path = ExampleCardView.xib; sourceTree = "<group>"; };
		BA97654A1CB811E00030C893 /* ImageCardView.swift */ = {isa = PBXFileReference; fileEncoding = 4; lastKnownFileType = sourcecode.swift; path = ImageCardView.swift; sourceTree = "<group>"; };
		BA97654B1CB811E00030C893 /* ImageCardView.xib */ = {isa = PBXFileReference; fileEncoding = 4; lastKnownFileType = file.xib; path = ImageCardView.xib; sourceTree = "<group>"; };
		BA97654C1CB811E00030C893 /* NotImplementedCardView.xib */ = {isa = PBXFileReference; fileEncoding = 4; lastKnownFileType = file.xib; path = NotImplementedCardView.xib; sourceTree = "<group>"; };
		BA97654D1CB811E00030C893 /* OverlayView.swift */ = {isa = PBXFileReference; fileEncoding = 4; lastKnownFileType = sourcecode.swift; path = OverlayView.swift; sourceTree = "<group>"; };
		BA97655D1CB811EE0030C893 /* CardDataModel.swift */ = {isa = PBXFileReference; fileEncoding = 4; lastKnownFileType = sourcecode.swift; path = CardDataModel.swift; sourceTree = "<group>"; };
		BA97655E1CB811EE0030C893 /* CardProtocol.swift */ = {isa = PBXFileReference; fileEncoding = 4; lastKnownFileType = sourcecode.swift; path = CardProtocol.swift; sourceTree = "<group>"; };
/* End PBXFileReference section */

/* Begin PBXFrameworksBuildPhase section */
		BA97652D1CB811AB0030C893 /* Frameworks */ = {
			isa = PBXFrameworksBuildPhase;
			buildActionMask = 2147483647;
			files = (
			);
			runOnlyForDeploymentPostprocessing = 0;
		};
/* End PBXFrameworksBuildPhase section */

/* Begin PBXGroup section */
		BA9765271CB811AB0030C893 = {
			isa = PBXGroup;
			children = (
				BA9765331CB811AB0030C893 /* YCCardLib */,
				BA9765321CB811AB0030C893 /* Products */,
			);
			sourceTree = "<group>";
		};
		BA9765321CB811AB0030C893 /* Products */ = {
			isa = PBXGroup;
			children = (
				BA9765311CB811AB0030C893 /* YCCardLib.framework */,
			);
			name = Products;
			sourceTree = "<group>";
		};
		BA9765331CB811AB0030C893 /* YCCardLib */ = {
			isa = PBXGroup;
			children = (
				BA97655C1CB811E40030C893 /* Model */,
				BA97653F1CB811D40030C893 /* View */,
				BA97653C1CB811C90030C893 /* Controller */,
				BA9765341CB811AB0030C893 /* YCCardLib.h */,
				BA9765361CB811AB0030C893 /* Info.plist */,
			);
			path = YCCardLib;
			sourceTree = "<group>";
		};
		BA97653C1CB811C90030C893 /* Controller */ = {
			isa = PBXGroup;
			children = (
				BA97653D1CB811CF0030C893 /* AbstractCardViewController.swift */,
			);
			name = Controller;
			sourceTree = "<group>";
		};
		BA97653F1CB811D40030C893 /* View */ = {
			isa = PBXGroup;
			children = (
				BA9765401CB811E00030C893 /* CardZeroCardView.swift */,
				BA9765411CB811E00030C893 /* CardZeroCardView.xib */,
				BA9765421CB811E00030C893 /* CustomCardView.swift */,
				BA9765431CB811E00030C893 /* CustomViewDelegate.swift */,
				BA9765441CB811E00030C893 /* DraggableCardStackDataSource.swift */,
				BA9765451CB811E00030C893 /* DraggableCardStackDelegate.swift */,
				BA9765461CB811E00030C893 /* DraggableCardStackView.swift */,
				BA9765471CB811E00030C893 /* DraggableView.swift */,
				BA9765481CB811E00030C893 /* ExampleCardView.swift */,
				BA9765491CB811E00030C893 /* ExampleCardView.xib */,
				BA97654A1CB811E00030C893 /* ImageCardView.swift */,
				BA97654B1CB811E00030C893 /* ImageCardView.xib */,
				BA97654C1CB811E00030C893 /* NotImplementedCardView.xib */,
				BA97654D1CB811E00030C893 /* OverlayView.swift */,
			);
			name = View;
			sourceTree = "<group>";
		};
		BA97655C1CB811E40030C893 /* Model */ = {
			isa = PBXGroup;
			children = (
				BA97655D1CB811EE0030C893 /* CardDataModel.swift */,
				BA97655E1CB811EE0030C893 /* CardProtocol.swift */,
			);
			name = Model;
			sourceTree = "<group>";
		};
/* End PBXGroup section */

/* Begin PBXHeadersBuildPhase section */
		BA97652E1CB811AB0030C893 /* Headers */ = {
			isa = PBXHeadersBuildPhase;
			buildActionMask = 2147483647;
			files = (
				BA9765351CB811AB0030C893 /* YCCardLib.h in Headers */,
			);
			runOnlyForDeploymentPostprocessing = 0;
		};
/* End PBXHeadersBuildPhase section */

/* Begin PBXNativeTarget section */
		BA9765301CB811AB0030C893 /* YCCardLib */ = {
			isa = PBXNativeTarget;
			buildConfigurationList = BA9765391CB811AB0030C893 /* Build configuration list for PBXNativeTarget "YCCardLib" */;
			buildPhases = (
				BA97652C1CB811AB0030C893 /* Sources */,
				BA97652D1CB811AB0030C893 /* Frameworks */,
				BA97652E1CB811AB0030C893 /* Headers */,
				BA97652F1CB811AB0030C893 /* Resources */,
			);
			buildRules = (
			);
			dependencies = (
			);
			name = YCCardLib;
			productName = YCCardLib;
			productReference = BA9765311CB811AB0030C893 /* YCCardLib.framework */;
			productType = "com.apple.product-type.framework";
		};
/* End PBXNativeTarget section */

/* Begin PBXProject section */
		BA9765281CB811AB0030C893 /* Project object */ = {
			isa = PBXProject;
			attributes = {
				LastUpgradeCheck = 0730;
				ORGANIZATIONNAME = YComplex;
				TargetAttributes = {
					BA9765301CB811AB0030C893 = {
						CreatedOnToolsVersion = 7.3;
					};
				};
			};
			buildConfigurationList = BA97652B1CB811AB0030C893 /* Build configuration list for PBXProject "YCCardLib" */;
			compatibilityVersion = "Xcode 3.2";
			developmentRegion = English;
			hasScannedForEncodings = 0;
			knownRegions = (
				en,
			);
			mainGroup = BA9765271CB811AB0030C893;
			productRefGroup = BA9765321CB811AB0030C893 /* Products */;
			projectDirPath = "";
			projectRoot = "";
			targets = (
				BA9765301CB811AB0030C893 /* YCCardLib */,
			);
		};
/* End PBXProject section */

/* Begin PBXResourcesBuildPhase section */
		BA97652F1CB811AB0030C893 /* Resources */ = {
			isa = PBXResourcesBuildPhase;
			buildActionMask = 2147483647;
			files = (
				BA97654F1CB811E00030C893 /* CardZeroCardView.xib in Resources */,
				BA97655A1CB811E00030C893 /* NotImplementedCardView.xib in Resources */,
				BA9765571CB811E00030C893 /* ExampleCardView.xib in Resources */,
				BA9765591CB811E00030C893 /* ImageCardView.xib in Resources */,
			);
			runOnlyForDeploymentPostprocessing = 0;
		};
/* End PBXResourcesBuildPhase section */

/* Begin PBXSourcesBuildPhase section */
		BA97652C1CB811AB0030C893 /* Sources */ = {
			isa = PBXSourcesBuildPhase;
			buildActionMask = 2147483647;
			files = (
				BA9765541CB811E00030C893 /* DraggableCardStackView.swift in Sources */,
				BA9765511CB811E00030C893 /* CustomViewDelegate.swift in Sources */,
				BA9765581CB811E00030C893 /* ImageCardView.swift in Sources */,
				BA9765551CB811E00030C893 /* DraggableView.swift in Sources */,
				BA97655B1CB811E00030C893 /* OverlayView.swift in Sources */,
				BA97654E1CB811E00030C893 /* CardZeroCardView.swift in Sources */,
				BA9765521CB811E00030C893 /* DraggableCardStackDataSource.swift in Sources */,
				BA9765601CB811EE0030C893 /* CardProtocol.swift in Sources */,
				BA97655F1CB811EE0030C893 /* CardDataModel.swift in Sources */,
				BA9765561CB811E00030C893 /* ExampleCardView.swift in Sources */,
				BA97653E1CB811CF0030C893 /* AbstractCardViewController.swift in Sources */,
				BA9765531CB811E00030C893 /* DraggableCardStackDelegate.swift in Sources */,
				BA9765501CB811E00030C893 /* CustomCardView.swift in Sources */,
			);
			runOnlyForDeploymentPostprocessing = 0;
		};
/* End PBXSourcesBuildPhase section */

/* Begin XCBuildConfiguration section */
		BA9765371CB811AB0030C893 /* Debug */ = {
			isa = XCBuildConfiguration;
			buildSettings = {
				ALWAYS_SEARCH_USER_PATHS = NO;
				CLANG_ANALYZER_NONNULL = YES;
				CLANG_CXX_LANGUAGE_STANDARD = "gnu++0x";
				CLANG_CXX_LIBRARY = "libc++";
				CLANG_ENABLE_MODULES = YES;
				CLANG_ENABLE_OBJC_ARC = YES;
				CLANG_WARN_BOOL_CONVERSION = YES;
				CLANG_WARN_CONSTANT_CONVERSION = YES;
				CLANG_WARN_DIRECT_OBJC_ISA_USAGE = YES_ERROR;
				CLANG_WARN_EMPTY_BODY = YES;
				CLANG_WARN_ENUM_CONVERSION = YES;
				CLANG_WARN_INT_CONVERSION = YES;
				CLANG_WARN_OBJC_ROOT_CLASS = YES_ERROR;
				CLANG_WARN_UNREACHABLE_CODE = YES;
				CLANG_WARN__DUPLICATE_METHOD_MATCH = YES;
				"CODE_SIGN_IDENTITY[sdk=iphoneos*]" = "iPhone Developer";
				COPY_PHASE_STRIP = NO;
				CURRENT_PROJECT_VERSION = 1;
				DEBUG_INFORMATION_FORMAT = dwarf;
				ENABLE_STRICT_OBJC_MSGSEND = YES;
				ENABLE_TESTABILITY = YES;
				GCC_C_LANGUAGE_STANDARD = gnu99;
				GCC_DYNAMIC_NO_PIC = NO;
				GCC_NO_COMMON_BLOCKS = YES;
				GCC_OPTIMIZATION_LEVEL = 0;
				GCC_PREPROCESSOR_DEFINITIONS = (
					"DEBUG=1",
					"$(inherited)",
				);
				GCC_WARN_64_TO_32_BIT_CONVERSION = YES;
				GCC_WARN_ABOUT_RETURN_TYPE = YES_ERROR;
				GCC_WARN_UNDECLARED_SELECTOR = YES;
				GCC_WARN_UNINITIALIZED_AUTOS = YES_AGGRESSIVE;
				GCC_WARN_UNUSED_FUNCTION = YES;
				GCC_WARN_UNUSED_VARIABLE = YES;
				IPHONEOS_DEPLOYMENT_TARGET = 9.3;
				MTL_ENABLE_DEBUG_INFO = YES;
				ONLY_ACTIVE_ARCH = YES;
				SDKROOT = iphoneos;
				SWIFT_OPTIMIZATION_LEVEL = "-Onone";
				TARGETED_DEVICE_FAMILY = "1,2";
				VERSIONING_SYSTEM = "apple-generic";
				VERSION_INFO_PREFIX = "";
			};
			name = Debug;
		};
		BA9765381CB811AB0030C893 /* Release */ = {
			isa = XCBuildConfiguration;
			buildSettings = {
				ALWAYS_SEARCH_USER_PATHS = NO;
				CLANG_ANALYZER_NONNULL = YES;
				CLANG_CXX_LANGUAGE_STANDARD = "gnu++0x";
				CLANG_CXX_LIBRARY = "libc++";
				CLANG_ENABLE_MODULES = YES;
				CLANG_ENABLE_OBJC_ARC = YES;
				CLANG_WARN_BOOL_CONVERSION = YES;
				CLANG_WARN_CONSTANT_CONVERSION = YES;
				CLANG_WARN_DIRECT_OBJC_ISA_USAGE = YES_ERROR;
				CLANG_WARN_EMPTY_BODY = YES;
				CLANG_WARN_ENUM_CONVERSION = YES;
				CLANG_WARN_INT_CONVERSION = YES;
				CLANG_WARN_OBJC_ROOT_CLASS = YES_ERROR;
				CLANG_WARN_UNREACHABLE_CODE = YES;
				CLANG_WARN__DUPLICATE_METHOD_MATCH = YES;
				"CODE_SIGN_IDENTITY[sdk=iphoneos*]" = "iPhone Developer";
				COPY_PHASE_STRIP = NO;
				CURRENT_PROJECT_VERSION = 1;
				DEBUG_INFORMATION_FORMAT = "dwarf-with-dsym";
				ENABLE_NS_ASSERTIONS = NO;
				ENABLE_STRICT_OBJC_MSGSEND = YES;
				GCC_C_LANGUAGE_STANDARD = gnu99;
				GCC_NO_COMMON_BLOCKS = YES;
				GCC_WARN_64_TO_32_BIT_CONVERSION = YES;
				GCC_WARN_ABOUT_RETURN_TYPE = YES_ERROR;
				GCC_WARN_UNDECLARED_SELECTOR = YES;
				GCC_WARN_UNINITIALIZED_AUTOS = YES_AGGRESSIVE;
				GCC_WARN_UNUSED_FUNCTION = YES;
				GCC_WARN_UNUSED_VARIABLE = YES;
				IPHONEOS_DEPLOYMENT_TARGET = 9.3;
				MTL_ENABLE_DEBUG_INFO = NO;
				SDKROOT = iphoneos;
				TARGETED_DEVICE_FAMILY = "1,2";
				VALIDATE_PRODUCT = YES;
				VERSIONING_SYSTEM = "apple-generic";
				VERSION_INFO_PREFIX = "";
			};
			name = Release;
		};
		BA97653A1CB811AB0030C893 /* Debug */ = {
			isa = XCBuildConfiguration;
			buildSettings = {
				DEFINES_MODULE = YES;
				DYLIB_COMPATIBILITY_VERSION = 1;
				DYLIB_CURRENT_VERSION = 1;
				DYLIB_INSTALL_NAME_BASE = "@rpath";
				INFOPLIST_FILE = YCCardLib/Info.plist;
				INSTALL_PATH = "$(LOCAL_LIBRARY_DIR)/Frameworks";
				LD_RUNPATH_SEARCH_PATHS = "$(inherited) @executable_path/Frameworks @loader_path/Frameworks";
				PRODUCT_BUNDLE_IDENTIFIER = com.ycomplex.YCCardLib;
				PRODUCT_NAME = "$(TARGET_NAME)";
				SKIP_INSTALL = YES;
			};
			name = Debug;
		};
		BA97653B1CB811AB0030C893 /* Release */ = {
			isa = XCBuildConfiguration;
			buildSettings = {
				DEFINES_MODULE = YES;
				DYLIB_COMPATIBILITY_VERSION = 1;
				DYLIB_CURRENT_VERSION = 1;
				DYLIB_INSTALL_NAME_BASE = "@rpath";
				INFOPLIST_FILE = YCCardLib/Info.plist;
				INSTALL_PATH = "$(LOCAL_LIBRARY_DIR)/Frameworks";
				LD_RUNPATH_SEARCH_PATHS = "$(inherited) @executable_path/Frameworks @loader_path/Frameworks";
				PRODUCT_BUNDLE_IDENTIFIER = com.ycomplex.YCCardLib;
				PRODUCT_NAME = "$(TARGET_NAME)";
				SKIP_INSTALL = YES;
			};
			name = Release;
		};
/* End XCBuildConfiguration section */

/* Begin XCConfigurationList section */
		BA97652B1CB811AB0030C893 /* Build configuration list for PBXProject "YCCardLib" */ = {
			isa = XCConfigurationList;
			buildConfigurations = (
				BA9765371CB811AB0030C893 /* Debug */,
				BA9765381CB811AB0030C893 /* Release */,
			);
			defaultConfigurationIsVisible = 0;
			defaultConfigurationName = Release;
		};
		BA9765391CB811AB0030C893 /* Build configuration list for PBXNativeTarget "YCCardLib" */ = {
			isa = XCConfigurationList;
			buildConfigurations = (
				BA97653A1CB811AB0030C893 /* Debug */,
				BA97653B1CB811AB0030C893 /* Release */,
			);
			defaultConfigurationIsVisible = 0;
		};
/* End XCConfigurationList section */
	};
	rootObject = BA9765281CB811AB0030C893 /* Project object */;
}
